// !$*UTF8*$!
{
	archiveVersion = 1;
	classes = {
	};
	objectVersion = 50;
	objects = {

/* Begin PBXBuildFile section */
		24C1267821780FA800CF9AD9 /* AppDelegate.swift in Sources */ = {isa = PBXBuildFile; fileRef = 24C1267721780FA800CF9AD9 /* AppDelegate.swift */; };
		24C1267A21780FA800CF9AD9 /* ViewController.swift in Sources */ = {isa = PBXBuildFile; fileRef = 24C1267921780FA800CF9AD9 /* ViewController.swift */; };
		24C1267D21780FA800CF9AD9 /* Main.storyboard in Resources */ = {isa = PBXBuildFile; fileRef = 24C1267B21780FA800CF9AD9 /* Main.storyboard */; };
		24C1267F21780FAA00CF9AD9 /* Assets.xcassets in Resources */ = {isa = PBXBuildFile; fileRef = 24C1267E21780FAA00CF9AD9 /* Assets.xcassets */; };
		24C1268221780FAA00CF9AD9 /* LaunchScreen.storyboard in Resources */ = {isa = PBXBuildFile; fileRef = 24C1268021780FAA00CF9AD9 /* LaunchScreen.storyboard */; };
		24C1268D21780FAA00CF9AD9 /* MusicPlayerTests.swift in Sources */ = {isa = PBXBuildFile; fileRef = 24C1268C21780FAA00CF9AD9 /* MusicPlayerTests.swift */; };
		24C1269821780FAA00CF9AD9 /* MusicPlayerUITests.swift in Sources */ = {isa = PBXBuildFile; fileRef = 24C1269721780FAA00CF9AD9 /* MusicPlayerUITests.swift */; };
/* End PBXBuildFile section */

/* Begin PBXContainerItemProxy section */
		24C1268921780FAA00CF9AD9 /* PBXContainerItemProxy */ = {
			isa = PBXContainerItemProxy;
			containerPortal = 24C1266C21780FA800CF9AD9 /* Project object */;
			proxyType = 1;
			remoteGlobalIDString = 24C1267321780FA800CF9AD9;
			remoteInfo = MusicPlayer;
		};
		24C1269421780FAA00CF9AD9 /* PBXContainerItemProxy */ = {
			isa = PBXContainerItemProxy;
			containerPortal = 24C1266C21780FA800CF9AD9 /* Project object */;
			proxyType = 1;
			remoteGlobalIDString = 24C1267321780FA800CF9AD9;
			remoteInfo = MusicPlayer;
		};
/* End PBXContainerItemProxy section */

/* Begin PBXFileReference section */
		24C1267421780FA800CF9AD9 /* MusicPlayer.app */ = {isa = PBXFileReference; explicitFileType = wrapper.application; includeInIndex = 0; path = MusicPlayer.app; sourceTree = BUILT_PRODUCTS_DIR; };
		24C1267721780FA800CF9AD9 /* AppDelegate.swift */ = {isa = PBXFileReference; lastKnownFileType = sourcecode.swift; path = AppDelegate.swift; sourceTree = "<group>"; };
		24C1267921780FA800CF9AD9 /* ViewController.swift */ = {isa = PBXFileReference; lastKnownFileType = sourcecode.swift; path = ViewController.swift; sourceTree = "<group>"; };
		24C1267C21780FA800CF9AD9 /* Base */ = {isa = PBXFileReference; lastKnownFileType = file.storyboard; name = Base; path = Base.lproj/Main.storyboard; sourceTree = "<group>"; };
		24C1267E21780FAA00CF9AD9 /* Assets.xcassets */ = {isa = PBXFileReference; lastKnownFileType = folder.assetcatalog; path = Assets.xcassets; sourceTree = "<group>"; };
		24C1268121780FAA00CF9AD9 /* Base */ = {isa = PBXFileReference; lastKnownFileType = file.storyboard; name = Base; path = Base.lproj/LaunchScreen.storyboard; sourceTree = "<group>"; };
		24C1268321780FAA00CF9AD9 /* Info.plist */ = {isa = PBXFileReference; lastKnownFileType = text.plist.xml; path = Info.plist; sourceTree = "<group>"; };
		24C1268821780FAA00CF9AD9 /* MusicPlayerTests.xctest */ = {isa = PBXFileReference; explicitFileType = wrapper.cfbundle; includeInIndex = 0; path = MusicPlayerTests.xctest; sourceTree = BUILT_PRODUCTS_DIR; };
		24C1268C21780FAA00CF9AD9 /* MusicPlayerTests.swift */ = {isa = PBXFileReference; lastKnownFileType = sourcecode.swift; path = MusicPlayerTests.swift; sourceTree = "<group>"; };
		24C1268E21780FAA00CF9AD9 /* Info.plist */ = {isa = PBXFileReference; lastKnownFileType = text.plist.xml; path = Info.plist; sourceTree = "<group>"; };
		24C1269321780FAA00CF9AD9 /* MusicPlayerUITests.xctest */ = {isa = PBXFileReference; explicitFileType = wrapper.cfbundle; includeInIndex = 0; path = MusicPlayerUITests.xctest; sourceTree = BUILT_PRODUCTS_DIR; };
		24C1269721780FAA00CF9AD9 /* MusicPlayerUITests.swift */ = {isa = PBXFileReference; lastKnownFileType = sourcecode.swift; path = MusicPlayerUITests.swift; sourceTree = "<group>"; };
		24C1269921780FAA00CF9AD9 /* Info.plist */ = {isa = PBXFileReference; lastKnownFileType = text.plist.xml; path = Info.plist; sourceTree = "<group>"; };
/* End PBXFileReference section */

/* Begin PBXFrameworksBuildPhase section */
		24C1267121780FA800CF9AD9 /* Frameworks */ = {
			isa = PBXFrameworksBuildPhase;
			buildActionMask = 2147483647;
			files = (
			);
			runOnlyForDeploymentPostprocessing = 0;
		};
		24C1268521780FAA00CF9AD9 /* Frameworks */ = {
			isa = PBXFrameworksBuildPhase;
			buildActionMask = 2147483647;
			files = (
			);
			runOnlyForDeploymentPostprocessing = 0;
		};
		24C1269021780FAA00CF9AD9 /* Frameworks */ = {
			isa = PBXFrameworksBuildPhase;
			buildActionMask = 2147483647;
			files = (
			);
			runOnlyForDeploymentPostprocessing = 0;
		};
/* End PBXFrameworksBuildPhase section */

/* Begin PBXGroup section */
		24C1266B21780FA800CF9AD9 = {
			isa = PBXGroup;
			children = (
				24C1267621780FA800CF9AD9 /* MusicPlayer */,
				24C1268B21780FAA00CF9AD9 /* MusicPlayerTests */,
				24C1269621780FAA00CF9AD9 /* MusicPlayerUITests */,
				24C1267521780FA800CF9AD9 /* Products */,
			);
			sourceTree = "<group>";
		};
		24C1267521780FA800CF9AD9 /* Products */ = {
			isa = PBXGroup;
			children = (
				24C1267421780FA800CF9AD9 /* MusicPlayer.app */,
				24C1268821780FAA00CF9AD9 /* MusicPlayerTests.xctest */,
				24C1269321780FAA00CF9AD9 /* MusicPlayerUITests.xctest */,
			);
			name = Products;
			sourceTree = "<group>";
		};
		24C1267621780FA800CF9AD9 /* MusicPlayer */ = {
			isa = PBXGroup;
			children = (
				24C1267721780FA800CF9AD9 /* AppDelegate.swift */,
				24C1267921780FA800CF9AD9 /* ViewController.swift */,
				24C1267B21780FA800CF9AD9 /* Main.storyboard */,
				24C1267E21780FAA00CF9AD9 /* Assets.xcassets */,
				24C1268021780FAA00CF9AD9 /* LaunchScreen.storyboard */,
				24C1268321780FAA00CF9AD9 /* Info.plist */,
			);
			path = MusicPlayer;
			sourceTree = "<group>";
		};
		24C1268B21780FAA00CF9AD9 /* MusicPlayerTests */ = {
			isa = PBXGroup;
			children = (
				24C1268C21780FAA00CF9AD9 /* MusicPlayerTests.swift */,
				24C1268E21780FAA00CF9AD9 /* Info.plist */,
			);
			path = MusicPlayerTests;
			sourceTree = "<group>";
		};
		24C1269621780FAA00CF9AD9 /* MusicPlayerUITests */ = {
			isa = PBXGroup;
			children = (
				24C1269721780FAA00CF9AD9 /* MusicPlayerUITests.swift */,
				24C1269921780FAA00CF9AD9 /* Info.plist */,
			);
			path = MusicPlayerUITests;
			sourceTree = "<group>";
		};
/* End PBXGroup section */

/* Begin PBXNativeTarget section */
		24C1267321780FA800CF9AD9 /* MusicPlayer */ = {
			isa = PBXNativeTarget;
			buildConfigurationList = 24C1269C21780FAA00CF9AD9 /* Build configuration list for PBXNativeTarget "MusicPlayer" */;
			buildPhases = (
				24C1267021780FA800CF9AD9 /* Sources */,
				24C1267121780FA800CF9AD9 /* Frameworks */,
				24C1267221780FA800CF9AD9 /* Resources */,
			);
			buildRules = (
			);
			dependencies = (
			);
			name = MusicPlayer;
			productName = MusicPlayer;
			productReference = 24C1267421780FA800CF9AD9 /* MusicPlayer.app */;
			productType = "com.apple.product-type.application";
		};
		24C1268721780FAA00CF9AD9 /* MusicPlayerTests */ = {
			isa = PBXNativeTarget;
			buildConfigurationList = 24C1269F21780FAA00CF9AD9 /* Build configuration list for PBXNativeTarget "MusicPlayerTests" */;
			buildPhases = (
				24C1268421780FAA00CF9AD9 /* Sources */,
				24C1268521780FAA00CF9AD9 /* Frameworks */,
				24C1268621780FAA00CF9AD9 /* Resources */,
			);
			buildRules = (
			);
			dependencies = (
				24C1268A21780FAA00CF9AD9 /* PBXTargetDependency */,
			);
			name = MusicPlayerTests;
			productName = MusicPlayerTests;
			productReference = 24C1268821780FAA00CF9AD9 /* MusicPlayerTests.xctest */;
			productType = "com.apple.product-type.bundle.unit-test";
		};
		24C1269221780FAA00CF9AD9 /* MusicPlayerUITests */ = {
			isa = PBXNativeTarget;
			buildConfigurationList = 24C126A221780FAA00CF9AD9 /* Build configuration list for PBXNativeTarget "MusicPlayerUITests" */;
			buildPhases = (
				24C1268F21780FAA00CF9AD9 /* Sources */,
				24C1269021780FAA00CF9AD9 /* Frameworks */,
				24C1269121780FAA00CF9AD9 /* Resources */,
			);
			buildRules = (
			);
			dependencies = (
				24C1269521780FAA00CF9AD9 /* PBXTargetDependency */,
			);
			name = MusicPlayerUITests;
			productName = MusicPlayerUITests;
			productReference = 24C1269321780FAA00CF9AD9 /* MusicPlayerUITests.xctest */;
			productType = "com.apple.product-type.bundle.ui-testing";
		};
/* End PBXNativeTarget section */

/* Begin PBXProject section */
		24C1266C21780FA800CF9AD9 /* Project object */ = {
			isa = PBXProject;
			attributes = {
				LastSwiftUpdateCheck = 0940;
				LastUpgradeCheck = 0940;
				ORGANIZATIONNAME = swieeft;
				TargetAttributes = {
					24C1267321780FA800CF9AD9 = {
						CreatedOnToolsVersion = 9.4.1;
					};
					24C1268721780FAA00CF9AD9 = {
						CreatedOnToolsVersion = 9.4.1;
						TestTargetID = 24C1267321780FA800CF9AD9;
					};
					24C1269221780FAA00CF9AD9 = {
						CreatedOnToolsVersion = 9.4.1;
						TestTargetID = 24C1267321780FA800CF9AD9;
					};
				};
			};
			buildConfigurationList = 24C1266F21780FA800CF9AD9 /* Build configuration list for PBXProject "MusicPlayer" */;
			compatibilityVersion = "Xcode 9.3";
			developmentRegion = en;
			hasScannedForEncodings = 0;
			knownRegions = (
				en,
				Base,
			);
			mainGroup = 24C1266B21780FA800CF9AD9;
			productRefGroup = 24C1267521780FA800CF9AD9 /* Products */;
			projectDirPath = "";
			projectRoot = "";
			targets = (
				24C1267321780FA800CF9AD9 /* MusicPlayer */,
				24C1268721780FAA00CF9AD9 /* MusicPlayerTests */,
				24C1269221780FAA00CF9AD9 /* MusicPlayerUITests */,
			);
		};
/* End PBXProject section */

/* Begin PBXResourcesBuildPhase section */
		24C1267221780FA800CF9AD9 /* Resources */ = {
			isa = PBXResourcesBuildPhase;
			buildActionMask = 2147483647;
			files = (
				24C1268221780FAA00CF9AD9 /* LaunchScreen.storyboard in Resources */,
				24C1267F21780FAA00CF9AD9 /* Assets.xcassets in Resources */,
				24C1267D21780FA800CF9AD9 /* Main.storyboard in Resources */,
			);
			runOnlyForDeploymentPostprocessing = 0;
		};
		24C1268621780FAA00CF9AD9 /* Resources */ = {
			isa = PBXResourcesBuildPhase;
			buildActionMask = 2147483647;
			files = (
			);
			runOnlyForDeploymentPostprocessing = 0;
		};
		24C1269121780FAA00CF9AD9 /* Resources */ = {
			isa = PBXResourcesBuildPhase;
			buildActionMask = 2147483647;
			files = (
			);
			runOnlyForDeploymentPostprocessing = 0;
		};
/* End PBXResourcesBuildPhase section */

/* Begin PBXSourcesBuildPhase section */
		24C1267021780FA800CF9AD9 /* Sources */ = {
			isa = PBXSourcesBuildPhase;
			buildActionMask = 2147483647;
			files = (
				24C1267A21780FA800CF9AD9 /* ViewController.swift in Sources */,
				24C1267821780FA800CF9AD9 /* AppDelegate.swift in Sources */,
			);
			runOnlyForDeploymentPostprocessing = 0;
		};
		24C1268421780FAA00CF9AD9 /* Sources */ = {
			isa = PBXSourcesBuildPhase;
			buildActionMask = 2147483647;
			files = (
				24C1268D21780FAA00CF9AD9 /* MusicPlayerTests.swift in Sources */,
			);
			runOnlyForDeploymentPostprocessing = 0;
		};
		24C1268F21780FAA00CF9AD9 /* Sources */ = {
			isa = PBXSourcesBuildPhase;
			buildActionMask = 2147483647;
			files = (
				24C1269821780FAA00CF9AD9 /* MusicPlayerUITests.swift in Sources */,
			);
			runOnlyForDeploymentPostprocessing = 0;
		};
/* End PBXSourcesBuildPhase section */

/* Begin PBXTargetDependency section */
		24C1268A21780FAA00CF9AD9 /* PBXTargetDependency */ = {
			isa = PBXTargetDependency;
			target = 24C1267321780FA800CF9AD9 /* MusicPlayer */;
			targetProxy = 24C1268921780FAA00CF9AD9 /* PBXContainerItemProxy */;
		};
		24C1269521780FAA00CF9AD9 /* PBXTargetDependency */ = {
			isa = PBXTargetDependency;
			target = 24C1267321780FA800CF9AD9 /* MusicPlayer */;
			targetProxy = 24C1269421780FAA00CF9AD9 /* PBXContainerItemProxy */;
		};
/* End PBXTargetDependency section */

/* Begin PBXVariantGroup section */
		24C1267B21780FA800CF9AD9 /* Main.storyboard */ = {
			isa = PBXVariantGroup;
			children = (
				24C1267C21780FA800CF9AD9 /* Base */,
			);
			name = Main.storyboard;
			sourceTree = "<group>";
		};
		24C1268021780FAA00CF9AD9 /* LaunchScreen.storyboard */ = {
			isa = PBXVariantGroup;
			children = (
				24C1268121780FAA00CF9AD9 /* Base */,
			);
			name = LaunchScreen.storyboard;
			sourceTree = "<group>";
		};
/* End PBXVariantGroup section */

/* Begin XCBuildConfiguration section */
		24C1269A21780FAA00CF9AD9 /* Debug */ = {
			isa = XCBuildConfiguration;
			buildSettings = {
				ALWAYS_SEARCH_USER_PATHS = NO;
				CLANG_ANALYZER_NONNULL = YES;
				CLANG_ANALYZER_NUMBER_OBJECT_CONVERSION = YES_AGGRESSIVE;
				CLANG_CXX_LANGUAGE_STANDARD = "gnu++14";
				CLANG_CXX_LIBRARY = "libc++";
				CLANG_ENABLE_MODULES = YES;
				CLANG_ENABLE_OBJC_ARC = YES;
				CLANG_ENABLE_OBJC_WEAK = YES;
				CLANG_WARN_BLOCK_CAPTURE_AUTORELEASING = YES;
				CLANG_WARN_BOOL_CONVERSION = YES;
				CLANG_WARN_COMMA = YES;
				CLANG_WARN_CONSTANT_CONVERSION = YES;
				CLANG_WARN_DEPRECATED_OBJC_IMPLEMENTATIONS = YES;
				CLANG_WARN_DIRECT_OBJC_ISA_USAGE = YES_ERROR;
				CLANG_WARN_DOCUMENTATION_COMMENTS = YES;
				CLANG_WARN_EMPTY_BODY = YES;
				CLANG_WARN_ENUM_CONVERSION = YES;
				CLANG_WARN_INFINITE_RECURSION = YES;
				CLANG_WARN_INT_CONVERSION = YES;
				CLANG_WARN_NON_LITERAL_NULL_CONVERSION = YES;
				CLANG_WARN_OBJC_IMPLICIT_RETAIN_SELF = YES;
				CLANG_WARN_OBJC_LITERAL_CONVERSION = YES;
				CLANG_WARN_OBJC_ROOT_CLASS = YES_ERROR;
				CLANG_WARN_RANGE_LOOP_ANALYSIS = YES;
				CLANG_WARN_STRICT_PROTOTYPES = YES;
				CLANG_WARN_SUSPICIOUS_MOVE = YES;
				CLANG_WARN_UNGUARDED_AVAILABILITY = YES_AGGRESSIVE;
				CLANG_WARN_UNREACHABLE_CODE = YES;
				CLANG_WARN__DUPLICATE_METHOD_MATCH = YES;
				CODE_SIGN_IDENTITY = "iPhone Developer";
				COPY_PHASE_STRIP = NO;
				DEBUG_INFORMATION_FORMAT = dwarf;
				ENABLE_STRICT_OBJC_MSGSEND = YES;
				ENABLE_TESTABILITY = YES;
				GCC_C_LANGUAGE_STANDARD = gnu11;
				GCC_DYNAMIC_NO_PIC = NO;
				GCC_NO_COMMON_BLOCKS = YES;
				GCC_OPTIMIZATION_LEVEL = 0;
				GCC_PREPROCESSOR_DEFINITIONS = (
					"DEBUG=1",
					"$(inherited)",
				);
				GCC_WARN_64_TO_32_BIT_CONVERSION = YES;
				GCC_WARN_ABOUT_RETURN_TYPE = YES_ERROR;
				GCC_WARN_UNDECLARED_SELECTOR = YES;
				GCC_WARN_UNINITIALIZED_AUTOS = YES_AGGRESSIVE;
				GCC_WARN_UNUSED_FUNCTION = YES;
				GCC_WARN_UNUSED_VARIABLE = YES;
				IPHONEOS_DEPLOYMENT_TARGET = 11.4;
				MTL_ENABLE_DEBUG_INFO = YES;
				ONLY_ACTIVE_ARCH = YES;
				SDKROOT = iphoneos;
				SWIFT_ACTIVE_COMPILATION_CONDITIONS = DEBUG;
				SWIFT_OPTIMIZATION_LEVEL = "-Onone";
			};
			name = Debug;
		};
		24C1269B21780FAA00CF9AD9 /* Release */ = {
			isa = XCBuildConfiguration;
			buildSettings = {
				ALWAYS_SEARCH_USER_PATHS = NO;
				CLANG_ANALYZER_NONNULL = YES;
				CLANG_ANALYZER_NUMBER_OBJECT_CONVERSION = YES_AGGRESSIVE;
				CLANG_CXX_LANGUAGE_STANDARD = "gnu++14";
				CLANG_CXX_LIBRARY = "libc++";
				CLANG_ENABLE_MODULES = YES;
				CLANG_ENABLE_OBJC_ARC = YES;
				CLANG_ENABLE_OBJC_WEAK = YES;
				CLANG_WARN_BLOCK_CAPTURE_AUTORELEASING = YES;
				CLANG_WARN_BOOL_CONVERSION = YES;
				CLANG_WARN_COMMA = YES;
				CLANG_WARN_CONSTANT_CONVERSION = YES;
				CLANG_WARN_DEPRECATED_OBJC_IMPLEMENTATIONS = YES;
				CLANG_WARN_DIRECT_OBJC_ISA_USAGE = YES_ERROR;
				CLANG_WARN_DOCUMENTATION_COMMENTS = YES;
				CLANG_WARN_EMPTY_BODY = YES;
				CLANG_WARN_ENUM_CONVERSION = YES;
				CLANG_WARN_INFINITE_RECURSION = YES;
				CLANG_WARN_INT_CONVERSION = YES;
				CLANG_WARN_NON_LITERAL_NULL_CONVERSION = YES;
				CLANG_WARN_OBJC_IMPLICIT_RETAIN_SELF = YES;
				CLANG_WARN_OBJC_LITERAL_CONVERSION = YES;
				CLANG_WARN_OBJC_ROOT_CLASS = YES_ERROR;
				CLANG_WARN_RANGE_LOOP_ANALYSIS = YES;
				CLANG_WARN_STRICT_PROTOTYPES = YES;
				CLANG_WARN_SUSPICIOUS_MOVE = YES;
				CLANG_WARN_UNGUARDED_AVAILABILITY = YES_AGGRESSIVE;
				CLANG_WARN_UNREACHABLE_CODE = YES;
				CLANG_WARN__DUPLICATE_METHOD_MATCH = YES;
				CODE_SIGN_IDENTITY = "iPhone Developer";
				COPY_PHASE_STRIP = NO;
				DEBUG_INFORMATION_FORMAT = "dwarf-with-dsym";
				ENABLE_NS_ASSERTIONS = NO;
				ENABLE_STRICT_OBJC_MSGSEND = YES;
				GCC_C_LANGUAGE_STANDARD = gnu11;
				GCC_NO_COMMON_BLOCKS = YES;
				GCC_WARN_64_TO_32_BIT_CONVERSION = YES;
				GCC_WARN_ABOUT_RETURN_TYPE = YES_ERROR;
				GCC_WARN_UNDECLARED_SELECTOR = YES;
				GCC_WARN_UNINITIALIZED_AUTOS = YES_AGGRESSIVE;
				GCC_WARN_UNUSED_FUNCTION = YES;
				GCC_WARN_UNUSED_VARIABLE = YES;
				IPHONEOS_DEPLOYMENT_TARGET = 11.4;
				MTL_ENABLE_DEBUG_INFO = NO;
				SDKROOT = iphoneos;
				SWIFT_COMPILATION_MODE = wholemodule;
				SWIFT_OPTIMIZATION_LEVEL = "-O";
				VALIDATE_PRODUCT = YES;
			};
			name = Release;
		};
		24C1269D21780FAA00CF9AD9 /* Debug */ = {
			isa = XCBuildConfiguration;
			buildSettings = {
				ASSETCATALOG_COMPILER_APPICON_NAME = AppIcon;
				CODE_SIGN_STYLE = Automatic;
				INFOPLIST_FILE = MusicPlayer/Info.plist;
				LD_RUNPATH_SEARCH_PATHS = (
					"$(inherited)",
					"@executable_path/Frameworks",
				);
				PRODUCT_BUNDLE_IDENTIFIER = swieeft.MusicPlayer;
				PRODUCT_NAME = "$(TARGET_NAME)";
				SWIFT_VERSION = 4.0;
				TARGETED_DEVICE_FAMILY = "1,2";
			};
			name = Debug;
		};
		24C1269E21780FAA00CF9AD9 /* Release */ = {
			isa = XCBuildConfiguration;
			buildSettings = {
				ASSETCATALOG_COMPILER_APPICON_NAME = AppIcon;
				CODE_SIGN_STYLE = Automatic;
				INFOPLIST_FILE = MusicPlayer/Info.plist;
				LD_RUNPATH_SEARCH_PATHS = (
					"$(inherited)",
					"@executable_path/Frameworks",
				);
				PRODUCT_BUNDLE_IDENTIFIER = swieeft.MusicPlayer;
				PRODUCT_NAME = "$(TARGET_NAME)";
				SWIFT_VERSION = 4.0;
				TARGETED_DEVICE_FAMILY = "1,2";
			};
			name = Release;
		};
		24C126A021780FAA00CF9AD9 /* Debug */ = {
			isa = XCBuildConfiguration;
			buildSettings = {
				ALWAYS_EMBED_SWIFT_STANDARD_LIBRARIES = YES;
				BUNDLE_LOADER = "$(TEST_HOST)";
				CODE_SIGN_STYLE = Automatic;
				INFOPLIST_FILE = MusicPlayerTests/Info.plist;
				LD_RUNPATH_SEARCH_PATHS = (
					"$(inherited)",
					"@executable_path/Frameworks",
					"@loader_path/Frameworks",
				);
				PRODUCT_BUNDLE_IDENTIFIER = swieeft.MusicPlayerTests;
				PRODUCT_NAME = "$(TARGET_NAME)";
				SWIFT_VERSION = 4.0;
				TARGETED_DEVICE_FAMILY = "1,2";
				TEST_HOST = "$(BUILT_PRODUCTS_DIR)/MusicPlayer.app/MusicPlayer";
			};
			name = Debug;
		};
		24C126A121780FAA00CF9AD9 /* Release */ = {
			isa = XCBuildConfiguration;
			buildSettings = {
				ALWAYS_EMBED_SWIFT_STANDARD_LIBRARIES = YES;
				BUNDLE_LOADER = "$(TEST_HOST)";
				CODE_SIGN_STYLE = Automatic;
				INFOPLIST_FILE = MusicPlayerTests/Info.plist;
				LD_RUNPATH_SEARCH_PATHS = (
					"$(inherited)",
					"@executable_path/Frameworks",
					"@loader_path/Frameworks",
				);
				PRODUCT_BUNDLE_IDENTIFIER = swieeft.MusicPlayerTests;
				PRODUCT_NAME = "$(TARGET_NAME)";
				SWIFT_VERSION = 4.0;
				TARGETED_DEVICE_FAMILY = "1,2";
				TEST_HOST = "$(BUILT_PRODUCTS_DIR)/MusicPlayer.app/MusicPlayer";
			};
			name = Release;
		};
		24C126A321780FAA00CF9AD9 /* Debug */ = {
			isa = XCBuildConfiguration;
			buildSettings = {
				ALWAYS_EMBED_SWIFT_STANDARD_LIBRARIES = YES;
				CODE_SIGN_STYLE = Automatic;
				INFOPLIST_FILE = MusicPlayerUITests/Info.plist;
				LD_RUNPATH_SEARCH_PATHS = (
					"$(inherited)",
					"@executable_path/Frameworks",
					"@loader_path/Frameworks",
				);
				PRODUCT_BUNDLE_IDENTIFIER = swieeft.MusicPlayerUITests;
				PRODUCT_NAME = "$(TARGET_NAME)";
				SWIFT_VERSION = 4.0;
				TARGETED_DEVICE_FAMILY = "1,2";
				TEST_TARGET_NAME = MusicPlayer;
			};
			name = Debug;
		};
		24C126A421780FAA00CF9AD9 /* Release */ = {
			isa = XCBuildConfiguration;
			buildSettings = {
				ALWAYS_EMBED_SWIFT_STANDARD_LIBRARIES = YES;
				CODE_SIGN_STYLE = Automatic;
				INFOPLIST_FILE = MusicPlayerUITests/Info.plist;
				LD_RUNPATH_SEARCH_PATHS = (
					"$(inherited)",
					"@executable_path/Frameworks",
					"@loader_path/Frameworks",
				);
				PRODUCT_BUNDLE_IDENTIFIER = swieeft.MusicPlayerUITests;
				PRODUCT_NAME = "$(TARGET_NAME)";
				SWIFT_VERSION = 4.0;
				TARGETED_DEVICE_FAMILY = "1,2";
				TEST_TARGET_NAME = MusicPlayer;
			};
			name = Release;
		};
/* End XCBuildConfiguration section */

/* Begin XCConfigurationList section */
		24C1266F21780FA800CF9AD9 /* Build configuration list for PBXProject "MusicPlayer" */ = {
			isa = XCConfigurationList;
			buildConfigurations = (
				24C1269A21780FAA00CF9AD9 /* Debug */,
				24C1269B21780FAA00CF9AD9 /* Release */,
			);
			defaultConfigurationIsVisible = 0;
			defaultConfigurationName = Release;
		};
		24C1269C21780FAA00CF9AD9 /* Build configuration list for PBXNativeTarget "MusicPlayer" */ = {
			isa = XCConfigurationList;
			buildConfigurations = (
				24C1269D21780FAA00CF9AD9 /* Debug */,
				24C1269E21780FAA00CF9AD9 /* Release */,
			);
			defaultConfigurationIsVisible = 0;
			defaultConfigurationName = Release;
		};
		24C1269F21780FAA00CF9AD9 /* Build configuration list for PBXNativeTarget "MusicPlayerTests" */ = {
			isa = XCConfigurationList;
			buildConfigurations = (
				24C126A021780FAA00CF9AD9 /* Debug */,
				24C126A121780FAA00CF9AD9 /* Release */,
			);
			defaultConfigurationIsVisible = 0;
			defaultConfigurationName = Release;
		};
		24C126A221780FAA00CF9AD9 /* Build configuration list for PBXNativeTarget "MusicPlayerUITests" */ = {
			isa = XCConfigurationList;
			buildConfigurations = (
				24C126A321780FAA00CF9AD9 /* Debug */,
				24C126A421780FAA00CF9AD9 /* Release */,
			);
			defaultConfigurationIsVisible = 0;
			defaultConfigurationName = Release;
		};
/* End XCConfigurationList section */
	};
	rootObject = 24C1266C21780FA800CF9AD9 /* Project object */;
}
